# THIS IS AN AUTOGENERATED FILE. DO NOT EDIT THIS FILE DIRECTLY.
# yarn lockfile v1


"@babel/parser@^7.20.15", "@babel/parser@^7.21.3":
  version "7.22.7"
  resolved "https://registry.npmjs.org/@babel/parser/-/parser-7.22.7.tgz"
  integrity sha512-7NF8pOkHP5o2vpmGgNGcfAeCvOYhGLyA3Z4eBQkT1RJlWu47n63bCs93QfJ2hIAFCil7L5P2IWhs1oToVgrL0Q==

"@babel/runtime@^7.21.0":
  version "7.22.10"
  resolved "https://registry.npmjs.org/@babel/runtime/-/runtime-7.22.10.tgz"
  integrity sha512-21t/fkKLMZI4pqP2wlmsQAWnYW1PDyKyyUV4vCi+B25ydmdaYTKXPwCj0BzSUnZf4seIiYvSA3jcZ3gdsMFkLQ==
  dependencies:
    regenerator-runtime "^0.14.0"

"@esbuild/darwin-x64@0.18.17":
  version "0.18.17"
  resolved "https://registry.npmjs.org/@esbuild/darwin-x64/-/darwin-x64-0.18.17.tgz"
  integrity sha512-XDre+J5YeIJDMfp3n0279DFNrGCXlxOuGsWIkRb1NThMZ0BsrWXoTg23Jer7fEXQ9Ye5QjrvXpxnhzl3bHtk0g==

"@jridgewell/sourcemap-codec@^1.4.15":
  version "1.4.15"
  resolved "https://registry.npmjs.org/@jridgewell/sourcemap-codec/-/sourcemap-codec-1.4.15.tgz"
  integrity sha512-eF2rxCRulEKXHTRiDrDy6erMYWqNw4LPdQ8UQA4huuxaQsVeRPFl2oM8oDGxMFhJUWZf9McpLtJasDDZb/Bpeg==

"@nodelib/fs.scandir@2.1.5":
  version "2.1.5"
  resolved "https://registry.npmjs.org/@nodelib/fs.scandir/-/fs.scandir-2.1.5.tgz"
  integrity sha512-vq24Bq3ym5HEQm2NKCr3yXDwjc7vTsEThRDnkp2DK9p1uqLR+DHurm/NOTo0KG7HYHU7eppKZj3MyqYuMBf62g==
  dependencies:
    "@nodelib/fs.stat" "2.0.5"
    run-parallel "^1.1.9"

"@nodelib/fs.stat@^2.0.2", "@nodelib/fs.stat@2.0.5":
  version "2.0.5"
  resolved "https://registry.npmjs.org/@nodelib/fs.stat/-/fs.stat-2.0.5.tgz"
  integrity sha512-RkhPPp2zrqDAQA/2jNhnztcPAlv64XdhIp7a7454A5ovI7Bukxgt7MX7udwAu3zg1DcpPU0rz3VV1SeaqvY4+A==

"@nodelib/fs.walk@^1.2.3":
  version "1.2.8"
  resolved "https://registry.npmjs.org/@nodelib/fs.walk/-/fs.walk-1.2.8.tgz"
  integrity sha512-oGB+UxlgWcgQkgwo8GcEGwemoTFt3FIO9ababBmaGwXIoBKZ+GTy0pP185beGg7Llih/NSHSV2XAs1lnznocSg==
  dependencies:
    "@nodelib/fs.scandir" "2.1.5"
    fastq "^1.6.0"

"@vitejs/plugin-vue@^4.2.3":
  version "4.2.3"
  resolved "https://registry.npmjs.org/@vitejs/plugin-vue/-/plugin-vue-4.2.3.tgz"
  integrity sha512-R6JDUfiZbJA9cMiguQ7jxALsgiprjBeHL5ikpXfJCH62pPHtI+JdJ5xWj6Ev73yXSlYl86+blXn1kZHQ7uElxw==

"@vue/compiler-core@3.3.4":
  version "3.3.4"
  resolved "https://registry.npmjs.org/@vue/compiler-core/-/compiler-core-3.3.4.tgz"
  integrity sha512-cquyDNvZ6jTbf/+x+AgM2Arrp6G4Dzbb0R64jiG804HRMfRiFXWI6kqUVqZ6ZR0bQhIoQjB4+2bhNtVwndW15g==
  dependencies:
    "@babel/parser" "^7.21.3"
    "@vue/shared" "3.3.4"
    estree-walker "^2.0.2"
    source-map-js "^1.0.2"

"@vue/compiler-dom@3.3.4":
  version "3.3.4"
  resolved "https://registry.npmjs.org/@vue/compiler-dom/-/compiler-dom-3.3.4.tgz"
  integrity sha512-wyM+OjOVpuUukIq6p5+nwHYtj9cFroz9cwkfmP9O1nzH68BenTTv0u7/ndggT8cIQlnBeOo6sUT/gvHcIkLA5w==
  dependencies:
    "@vue/compiler-core" "3.3.4"
    "@vue/shared" "3.3.4"

"@vue/compiler-sfc@3.3.4":
  version "3.3.4"
  resolved "https://registry.npmjs.org/@vue/compiler-sfc/-/compiler-sfc-3.3.4.tgz"
  integrity sha512-6y/d8uw+5TkCuzBkgLS0v3lSM3hJDntFEiUORM11pQ/hKvkhSKZrXW6i69UyXlJQisJxuUEJKAWEqWbWsLeNKQ==
  dependencies:
    "@babel/parser" "^7.20.15"
    "@vue/compiler-core" "3.3.4"
    "@vue/compiler-dom" "3.3.4"
    "@vue/compiler-ssr" "3.3.4"
    "@vue/reactivity-transform" "3.3.4"
    "@vue/shared" "3.3.4"
    estree-walker "^2.0.2"
    magic-string "^0.30.0"
    postcss "^8.1.10"
    source-map-js "^1.0.2"

"@vue/compiler-ssr@3.3.4":
  version "3.3.4"
  resolved "https://registry.npmjs.org/@vue/compiler-ssr/-/compiler-ssr-3.3.4.tgz"
  integrity sha512-m0v6oKpup2nMSehwA6Uuu+j+wEwcy7QmwMkVNVfrV9P2qE5KshC6RwOCq8fjGS/Eak/uNb8AaWekfiXxbBB6gQ==
  dependencies:
    "@vue/compiler-dom" "3.3.4"
    "@vue/shared" "3.3.4"

"@vue/reactivity-transform@3.3.4":
  version "3.3.4"
  resolved "https://registry.npmjs.org/@vue/reactivity-transform/-/reactivity-transform-3.3.4.tgz"
  integrity sha512-MXgwjako4nu5WFLAjpBnCj/ieqcjE2aJBINUNQzkZQfzIZA4xn+0fV1tIYBJvvva3N3OvKGofRLvQIwEQPpaXw==
  dependencies:
    "@babel/parser" "^7.20.15"
    "@vue/compiler-core" "3.3.4"
    "@vue/shared" "3.3.4"
    estree-walker "^2.0.2"
    magic-string "^0.30.0"

"@vue/reactivity@3.3.4":
  version "3.3.4"
  resolved "https://registry.npmjs.org/@vue/reactivity/-/reactivity-3.3.4.tgz"
  integrity sha512-kLTDLwd0B1jG08NBF3R5rqULtv/f8x3rOFByTDz4J53ttIQEDmALqKqXY0J+XQeN0aV2FBxY8nJDf88yvOPAqQ==
  dependencies:
    "@vue/shared" "3.3.4"

"@vue/runtime-core@3.3.4":
  version "3.3.4"
  resolved "https://registry.npmjs.org/@vue/runtime-core/-/runtime-core-3.3.4.tgz"
  integrity sha512-R+bqxMN6pWO7zGI4OMlmvePOdP2c93GsHFM/siJI7O2nxFRzj55pLwkpCedEY+bTMgp5miZ8CxfIZo3S+gFqvA==
  dependencies:
    "@vue/reactivity" "3.3.4"
    "@vue/shared" "3.3.4"

"@vue/runtime-dom@3.3.4":
  version "3.3.4"
  resolved "https://registry.npmjs.org/@vue/runtime-dom/-/runtime-dom-3.3.4.tgz"
  integrity sha512-Aj5bTJ3u5sFsUckRghsNjVTtxZQ1OyMWCr5dZRAPijF/0Vy4xEoRCwLyHXcj4D0UFbJ4lbx3gPTgg06K/GnPnQ==
  dependencies:
    "@vue/runtime-core" "3.3.4"
    "@vue/shared" "3.3.4"
    csstype "^3.1.1"

"@vue/server-renderer@3.3.4":
  version "3.3.4"
  resolved "https://registry.npmjs.org/@vue/server-renderer/-/server-renderer-3.3.4.tgz"
  integrity sha512-Q6jDDzR23ViIb67v+vM1Dqntu+HUexQcsWKhhQa4ARVzxOY2HbC7QRW/ggkDBd5BU+uM1sV6XOAP0b216o34JQ==
  dependencies:
    "@vue/compiler-ssr" "3.3.4"
    "@vue/shared" "3.3.4"

"@vue/shared@3.3.4":
  version "3.3.4"
  resolved "https://registry.npmjs.org/@vue/shared/-/shared-3.3.4.tgz"
  integrity sha512-7OjdcV8vQ74eiz1TZLzZP4JwqM5fA94K6yntPS5Z25r9HDuGNzaGdgvwKYq6S+MxwF0TFRwe50fIR/MYnakdkQ==

"@vuepic/vue-datepicker@^5.4.0":
  version "5.4.0"
  resolved "https://registry.npmjs.org/@vuepic/vue-datepicker/-/vue-datepicker-5.4.0.tgz"
  integrity sha512-9f1ZqRDfak/UmBbD81BdqMDpUku2YphTwQXG8DF6hsrjIXsq5sX7BWJB6LhyVgvX9QFrSyFIp4fsHE3UFofZ7A==
  dependencies:
    date-fns "^2.30.0"
    date-fns-tz "^1.3.7"

braces@^3.0.2:
  version "3.0.2"
  resolved "https://registry.npmjs.org/braces/-/braces-3.0.2.tgz"
  integrity sha512-b8um+L1RzM3WDSzvhm6gIz1yfTbBt6YTlcEKAvsmqCZZFw46z626lVj9j1yEPW33H5H+lBQpZMP1k8l+78Ha0A==
  dependencies:
    fill-range "^7.0.1"

csstype@^3.1.1:
  version "3.1.2"
  resolved "https://registry.npmjs.org/csstype/-/csstype-3.1.2.tgz"
  integrity sha512-I7K1Uu0MBPzaFKg4nI5Q7Vs2t+3gWWW648spaF+Rg7pI9ds18Ugn+lvg4SHczUdKlHI5LWBXyqfS8+DufyBsgQ==

date-fns-tz@^1.3.7:
  version "1.3.8"
  resolved "https://registry.npmjs.org/date-fns-tz/-/date-fns-tz-1.3.8.tgz"
  integrity sha512-qwNXUFtMHTTU6CFSFjoJ80W8Fzzp24LntbjFFBgL/faqds4e5mo9mftoRLgr3Vi1trISsg4awSpYVsOQCRnapQ==

date-fns@^2.30.0, date-fns@>=2.0.0:
  version "2.30.0"
  resolved "https://registry.npmjs.org/date-fns/-/date-fns-2.30.0.tgz"
  integrity sha512-fnULvOpxnC5/Vg3NCiWelDsLiUc9bRwAPs/+LfTLNvetFCtCTN+yQz15C/fs4AwX1R9K5GLtLfn8QW+dWisaAw==
  dependencies:
    "@babel/runtime" "^7.21.0"

date-format-parse@^0.2.7:
  version "0.2.7"
  resolved "https://registry.npmjs.org/date-format-parse/-/date-format-parse-0.2.7.tgz"
  integrity sha512-/+lyMUKoRogMuTeOVii6lUwjbVlesN9YRYLzZT/g3TEZ3uD9QnpjResujeEqUW+OSNbT7T1+SYdyEkTcRv+KDQ==

debug@^4.3.4:
  version "4.3.4"
  resolved "https://registry.npmjs.org/debug/-/debug-4.3.4.tgz"
  integrity sha512-PRWFHuSU3eDtQJPvnNY7Jcket1j0t5OuOsFzPPzsekD52Zl8qUfFIPEiswXqIvHWGVHOgX+7G/vCNNhehwxfkQ==
  dependencies:
    ms "2.1.2"

esbuild@^0.18.10:
  version "0.18.17"
  resolved "https://registry.npmjs.org/esbuild/-/esbuild-0.18.17.tgz"
  integrity sha512-1GJtYnUxsJreHYA0Y+iQz2UEykonY66HNWOb0yXYZi9/kNrORUEHVg87eQsCtqh59PEJ5YVZJO98JHznMJSWjg==
  optionalDependencies:
    "@esbuild/android-arm" "0.18.17"
    "@esbuild/android-arm64" "0.18.17"
    "@esbuild/android-x64" "0.18.17"
    "@esbuild/darwin-arm64" "0.18.17"
    "@esbuild/darwin-x64" "0.18.17"
    "@esbuild/freebsd-arm64" "0.18.17"
    "@esbuild/freebsd-x64" "0.18.17"
    "@esbuild/linux-arm" "0.18.17"
    "@esbuild/linux-arm64" "0.18.17"
    "@esbuild/linux-ia32" "0.18.17"
    "@esbuild/linux-loong64" "0.18.17"
    "@esbuild/linux-mips64el" "0.18.17"
    "@esbuild/linux-ppc64" "0.18.17"
    "@esbuild/linux-riscv64" "0.18.17"
    "@esbuild/linux-s390x" "0.18.17"
    "@esbuild/linux-x64" "0.18.17"
    "@esbuild/netbsd-x64" "0.18.17"
    "@esbuild/openbsd-x64" "0.18.17"
    "@esbuild/sunos-x64" "0.18.17"
    "@esbuild/win32-arm64" "0.18.17"
    "@esbuild/win32-ia32" "0.18.17"
    "@esbuild/win32-x64" "0.18.17"

estree-walker@^2.0.2:
  version "2.0.2"
  resolved "https://registry.npmjs.org/estree-walker/-/estree-walker-2.0.2.tgz"
  integrity sha512-Rfkk/Mp/DL7JVje3u18FxFujQlTNR2q6QfMSMB7AvCBx91NGj/ba3kCfza0f6dVDbw7YlRf/nDrn7pQrCCyQ/w==

fast-glob@^3.2.12:
  version "3.3.1"
  resolved "https://registry.npmjs.org/fast-glob/-/fast-glob-3.3.1.tgz"
  integrity sha512-kNFPyjhh5cKjrUltxs+wFx+ZkbRaxxmZ+X0ZU31SOsxCEtP9VPgtq2teZw1DebupL5GmDaNQ6yKMMVcM41iqDg==
  dependencies:
    "@nodelib/fs.stat" "^2.0.2"
    "@nodelib/fs.walk" "^1.2.3"
    glob-parent "^5.1.2"
    merge2 "^1.3.0"
    micromatch "^4.0.4"

fastq@^1.6.0:
  version "1.15.0"
  resolved "https://registry.npmjs.org/fastq/-/fastq-1.15.0.tgz"
  integrity sha512-wBrocU2LCXXa+lWBt8RoIRD89Fi8OdABODa/kEnyeyjS5aZO5/GNvI5sEINADqP/h8M29UHTHUb53sUu5Ihqdw==
  dependencies:
    reusify "^1.0.4"

fill-range@^7.0.1:
  version "7.0.1"
  resolved "https://registry.npmjs.org/fill-range/-/fill-range-7.0.1.tgz"
  integrity sha512-qOo9F+dMUmC2Lcb4BbVvnKJxTPjCm+RRpe4gDuGrzkL7mEVl/djYSu2OdQ2Pa302N4oqkSg9ir6jaLWJ2USVpQ==
  dependencies:
    to-regex-range "^5.0.1"

fsevents@~2.3.2:
  version "2.3.2"
  resolved "https://registry.npmjs.org/fsevents/-/fsevents-2.3.2.tgz"
  integrity sha512-xiqMQR4xAeHTuB9uWm+fFRcIOgKBMiOBP+eXiyT7jsgVCq1bkVygt00oASowB7EdtpOHaaPgKt812P9ab+DDKA==

glob-parent@^5.1.2:
  version "5.1.2"
  resolved "https://registry.npmjs.org/glob-parent/-/glob-parent-5.1.2.tgz"
  integrity sha512-AOIgSQCepiJYwP3ARnGx+5VnTu2HBYdzbGP45eLw1vr3zB3vZLeyed1sC9hnbcOc9/SrMyM5RPQrkGz4aS9Zow==
  dependencies:
    is-glob "^4.0.1"

is-extglob@^2.1.1:
  version "2.1.1"
  resolved "https://registry.npmjs.org/is-extglob/-/is-extglob-2.1.1.tgz"
  integrity sha512-SbKbANkN603Vi4jEZv49LeVJMn4yGwsbzZworEoyEiutsN3nJYdbO36zfhGJ6QEDpOZIFkDtnq5JRxmvl3jsoQ==

is-glob@^4.0.1:
  version "4.0.3"
  resolved "https://registry.npmjs.org/is-glob/-/is-glob-4.0.3.tgz"
  integrity sha512-xelSayHH36ZgE7ZWhli7pW34hNbNl8Ojv5KVmkJD4hBdD3th8Tfk9vYasLM+mXWOZhFkgZfxhLSnrwRr4elSSg==
  dependencies:
    is-extglob "^2.1.1"

is-number@^7.0.0:
  version "7.0.0"
  resolved "https://registry.npmjs.org/is-number/-/is-number-7.0.0.tgz"
  integrity sha512-41Cifkg6e8TylSpdtTpeLVMqvSBEVzTttHvERD741+pnZ8ANv0004MRL43QKPDlK9cGvNp6NZWZUBlbGXYxxng==

magic-string@^0.30.0:
  version "0.30.2"
  resolved "https://registry.npmjs.org/magic-string/-/magic-string-0.30.2.tgz"
  integrity sha512-lNZdu7pewtq/ZvWUp9Wpf/x7WzMTsR26TWV03BRZrXFsv+BI6dy8RAiKgm1uM/kyR0rCfUcqvOlXKG66KhIGug==
  dependencies:
    "@jridgewell/sourcemap-codec" "^1.4.15"

merge2@^1.3.0:
  version "1.4.1"
  resolved "https://registry.npmjs.org/merge2/-/merge2-1.4.1.tgz"
  integrity sha512-8q7VEgMJW4J8tcfVPy8g09NcQwZdbwFEqhe/WZkoIzjn/3TGDwtOCYtXGxA3O8tPzpczCCDgv+P2P5y00ZJOOg==

micromatch@^4.0.4:
  version "4.0.5"
  resolved "https://registry.npmjs.org/micromatch/-/micromatch-4.0.5.tgz"
  integrity sha512-DMy+ERcEW2q8Z2Po+WNXuw3c5YaUSFjAO5GsJqfEl7UjvtIuFKO6ZrKvcItdy98dwFI2N1tg3zNIdKaQT+aNdA==
  dependencies:
    braces "^3.0.2"
    picomatch "^2.3.1"

ms@2.1.2:
  version "2.1.2"
  resolved "https://registry.npmjs.org/ms/-/ms-2.1.2.tgz"
  integrity sha512-sGkPx+VjMtmA6MX27oA4FBFELFCZZ4S4XqeGOXCv68tT+jb3vk/RyaKWP0PTKyWtmLSM0b+adUTEvbs1PEaH2w==

nanoid@^3.3.6:
  version "3.3.6"
  resolved "https://registry.npmjs.org/nanoid/-/nanoid-3.3.6.tgz"
  integrity sha512-BGcqMMJuToF7i1rt+2PWSNVnWIkGCU78jBG3RxO/bZlnZPK2Cmi2QaffxGO/2RvWi9sL+FAiRiXMgsyxQ1DIDA==

picocolors@^1.0.0:
  version "1.0.0"
  resolved "https://registry.npmjs.org/picocolors/-/picocolors-1.0.0.tgz"
  integrity sha512-1fygroTLlHu66zi26VoTDv8yRgm0Fccecssto+MhsZ0D/DGW2sm8E8AjW7NU5VVTRt5GxbeZ5qBuJr+HyLYkjQ==

picomatch@^2.3.1:
  version "2.3.1"
  resolved "https://registry.npmjs.org/picomatch/-/picomatch-2.3.1.tgz"
  integrity sha512-JU3teHTNjmE2VCGFzuY8EXzCDVwEqB2a8fsIvwaStHhAWJEeVd1o1QD80CU6+ZdEXXSLbSsuLwJjkCBWqRQUVA==

postcss@^8.1.10, postcss@^8.4.26:
  version "8.4.27"
  resolved "https://registry.npmjs.org/postcss/-/postcss-8.4.27.tgz"
  integrity sha512-gY/ACJtJPSmUFPDCHtX78+01fHa64FaU4zaaWfuh1MhGJISufJAH4cun6k/8fwsHYeK4UQmENQK+tRLCFJE8JQ==
  dependencies:
    nanoid "^3.3.6"
    picocolors "^1.0.0"
    source-map-js "^1.0.2"

queue-microtask@^1.2.2:
  version "1.2.3"
  resolved "https://registry.npmjs.org/queue-microtask/-/queue-microtask-1.2.3.tgz"
  integrity sha512-NuaNSa6flKT5JaSYQzJok04JzTL1CA6aGhv5rfLW3PgqA+M2ChpZQnAC8h8i4ZFkBS8X5RqkDBHA7r4hej3K9A==

regenerator-runtime@^0.14.0:
  version "0.14.0"
  resolved "https://registry.npmjs.org/regenerator-runtime/-/regenerator-runtime-0.14.0.tgz"
  integrity sha512-srw17NI0TUWHuGa5CFGGmhfNIeja30WMBfbslPNhf6JrqQlLN5gcrvig1oqPxiVaXb0oW0XRKtH6Nngs5lKCIA==

reusify@^1.0.4:
  version "1.0.4"
  resolved "https://registry.npmjs.org/reusify/-/reusify-1.0.4.tgz"
  integrity sha512-U9nH88a3fc/ekCF1l0/UP1IosiuIjyTh7hBvXVMHYgVcfGvt897Xguj2UOLDeI5BG2m7/uwyaLVT6fbtCwTyzw==

rollup@^3.25.2:
  version "3.27.1"
  resolved "https://registry.npmjs.org/rollup/-/rollup-3.27.1.tgz"
  integrity sha512-tXNDFwOkN6C2w5Blj1g6ForKeFw6c1mDu5jxoeDO3/pmYjgt+8yvIFjKzH5FQUq70OKZBkOt0zzv0THXL7vwzQ==
  optionalDependencies:
    fsevents "~2.3.2"

run-parallel@^1.1.9:
  version "1.2.0"
  resolved "https://registry.npmjs.org/run-parallel/-/run-parallel-1.2.0.tgz"
  integrity sha512-5l4VyZR86LZ/lDxZTR6jqL8AFE2S0IFLMP26AbjsLVADxHdhB/c0GUsH+y39UfCi3dzz8OlQuPmnaJOMoDHQBA==
  dependencies:
    queue-microtask "^1.2.2"

source-map-js@^1.0.2:
  version "1.0.2"
  resolved "https://registry.npmjs.org/source-map-js/-/source-map-js-1.0.2.tgz"
  integrity sha512-R0XvVJ9WusLiqTCEiGCmICCMplcCkIwwR11mOSD9CR5u+IXYdiseeEuXCVAjS54zqwkLcPNnmU4OeJ6tUrWhDw==

to-regex-range@^5.0.1:
  version "5.0.1"
  resolved "https://registry.npmjs.org/to-regex-range/-/to-regex-range-5.0.1.tgz"
  integrity sha512-65P7iz6X5yEr1cwcgvQxbbIw7Uk3gOy5dIdtZ4rDveLqhrdJP+Li/Hx6tyK0NEb+2GCyneCMJiGqrADCSNk8sQ==
  dependencies:
    is-number "^7.0.0"

vite-plugin-ruby@^3.2.0:
  version "3.2.2"
  resolved "https://registry.npmjs.org/vite-plugin-ruby/-/vite-plugin-ruby-3.2.2.tgz"
  integrity sha512-cuHG1MajRWPR8YdfF6lvgsQRnKFEBRwZF//asFbRiI1psacxB5aPlHSvYZYxAu5IflrAa0MdR0HxEq+g98M3iQ==
  dependencies:
    debug "^4.3.4"
    fast-glob "^3.2.12"

vite@^4.0.0, vite@^4.3.0, vite@>=4.0.0:
  version "4.4.8"
  resolved "https://registry.npmjs.org/vite/-/vite-4.4.8.tgz"
  integrity sha512-LONawOUUjxQridNWGQlNizfKH89qPigK36XhMI7COMGztz8KNY0JHim7/xDd71CZwGT4HtSRgI7Hy+RlhG0Gvg==
  dependencies:
    esbuild "^0.18.10"
    postcss "^8.4.26"
    rollup "^3.25.2"
  optionalDependencies:
    fsevents "~2.3.2"

vue-datepicker-next@^1.0.3:
  version "1.0.3"
  resolved "https://registry.npmjs.org/vue-datepicker-next/-/vue-datepicker-next-1.0.3.tgz"
  integrity sha512-Brqjh896BJGVxP7d6tGDsPMu0SDAB8hAdtG7zWF8VIHJB21dk1VB9KgdajD9Y9uXbg+wHN0vmL7sbMPIyehQVQ==
  dependencies:
    date-format-parse "^0.2.7"
    vue "^3.0.0"

vue@^3.0.0, vue@^3.2.25, vue@>=3.2.0, vue@3.3.4:
  version "3.3.4"
  resolved "https://registry.npmjs.org/vue/-/vue-3.3.4.tgz"
  integrity sha512-VTyEYn3yvIeY1Py0WaYGZsXnz3y5UnGi62GjVEqvEGPl6nxbOrCXbVOTQWBEJUqAyTUk2uJ5JLVnYJ6ZzGbrSw==
  dependencies:
    "@vue/compiler-dom" "3.3.4"
    "@vue/compiler-sfc" "3.3.4"
    "@vue/runtime-dom" "3.3.4"
    "@vue/server-renderer" "3.3.4"
    "@vue/shared" "3.3.4"
